
Microsoft Visual Studio Solution File, Format Version 12.00
# Visual Studio 14
VisualStudioVersion = 14.0.25123.0
MinimumVisualStudioVersion = 10.0.40219.1
Project("{FAE04EC0-301F-11D3-BF4B-00C04F79EFBC}") = "Speechmatics.Client", "Speechmatics.Client\Speechmatics.Client.csproj", "{ACC7E43E-E0AA-44A9-8837-1F15831B657B}"
EndProject
Project("{FAE04EC0-301F-11D3-BF4B-00C04F79EFBC}") = "Speechmatics.Client.Tests", "Speechmatics.Client.Tests\Speechmatics.Client.Tests.csproj", "{8E3DC09C-5ED7-44D3-99D8-99F6218ACB22}"
EndProject
Global
	GlobalSection(SolutionConfigurationPlatforms) = preSolution
		Debug|Any CPU = Debug|Any CPU
		Release|Any CPU = Release|Any CPU
	EndGlobalSection
	GlobalSection(ProjectConfigurationPlatforms) = postSolution
		{ACC7E43E-E0AA-44A9-8837-1F15831B657B}.Debug|Any CPU.ActiveCfg = Debug|Any CPU
		{ACC7E43E-E0AA-44A9-8837-1F15831B657B}.Debug|Any CPU.Build.0 = Debug|Any CPU
		{ACC7E43E-E0AA-44A9-8837-1F15831B657B}.Release|Any CPU.ActiveCfg = Release|Any CPU
		{ACC7E43E-E0AA-44A9-8837-1F15831B657B}.Release|Any CPU.Build.0 = Release|Any CPU
		{8E3DC09C-5ED7-44D3-99D8-99F6218ACB22}.Debug|Any CPU.ActiveCfg = Debug|Any CPU
		{8E3DC09C-5ED7-44D3-99D8-99F6218ACB22}.Debug|Any CPU.Build.0 = Debug|Any CPU
		{8E3DC09C-5ED7-44D3-99D8-99F6218ACB22}.Release|Any CPU.ActiveCfg = Release|Any CPU
		{8E3DC09C-5ED7-44D3-99D8-99F6218ACB22}.Release|Any CPU.Build.0 = Release|Any CPU
	EndGlobalSection
	GlobalSection(SolutionProperties) = preSolution
		HideSolutionNode = FALSE
	EndGlobalSection
EndGlobal
